<?xml version="1.0" encoding="utf-8"?>
<Project ToolsVersion="4.0" xmlns="http://schemas.microsoft.com/developer/msbuild/2003">
  <ItemGroup>
    <Filter Include="Source Files">
      <UniqueIdentifier>{4FC737F1-C7A5-4376-A066-2A32D752A2FF}</UniqueIdentifier>
      <Extensions>cpp;c;cc;cxx;c++;cppm;ixx;def;odl;idl;hpj;bat;asm;asmx</Extensions>
    </Filter>
    <Filter Include="Header Files">
      <UniqueIdentifier>{93995380-89BD-4b04-88EB-625FBE52EBFB}</UniqueIdentifier>
      <Extensions>h;hh;hpp;hxx;h++;hm;inl;inc;ipp;xsd</Extensions>
    </Filter>
    <Filter Include="Resource Files">
      <UniqueIdentifier>{67DA6AB6-F800-4c08-8B7A-83BB121AAD01}</UniqueIdentifier>
      <Extensions>rc;ico;cur;bmp;dlg;rc2;rct;bin;rgs;gif;jpg;jpeg;jpe;resx;tiff;tif;png;wav;mfcribbon-ms</Extensions>
    </Filter>
    <Filter Include="Source Files\PeterPepper">
      <UniqueIdentifier>{a93cfe4d-52cf-45c7-974d-834d5956fc0d}</UniqueIdentifier>
    </Filter>
    <Filter Include="Source Files\BurgerPiece">
      <UniqueIdentifier>{d759d133-44ce-410a-a14c-1fbd3235ef13}</UniqueIdentifier>
    </Filter>
    <Filter Include="Source Files\Enemies">
      <UniqueIdentifier>{ab65ba52-6eed-4234-8421-2abc764b8357}</UniqueIdentifier>
    </Filter>
    <Filter Include="Source Files\Level">
      <UniqueIdentifier>{a3a0b191-0820-40c1-80f9-1b551ff58992}</UniqueIdentifier>
    </Filter>
  </ItemGroup>
  <ItemGroup>
    <ClCompile Include="BurgerTime.cpp">
      <Filter>Source Files</Filter>
    </ClCompile>
    <ClCompile Include="BurgerPiece.cpp">
      <Filter>Source Files\BurgerPiece</Filter>
    </ClCompile>
    <ClCompile Include="BurgerShardComp.cpp">
      <Filter>Source Files\BurgerPiece</Filter>
    </ClCompile>
    <ClCompile Include="PeterPepperComp.cpp">
      <Filter>Source Files\PeterPepper</Filter>
    </ClCompile>
    <ClCompile Include="LivesLeftComp.cpp">
      <Filter>Source Files\PeterPepper</Filter>
    </ClCompile>
    <ClCompile Include="PlayerObserver.cpp">
      <Filter>Source Files\PeterPepper</Filter>
    </ClCompile>
    <ClCompile Include="PeterCommands.cpp">
      <Filter>Source Files\PeterPepper</Filter>
    </ClCompile>
    <ClCompile Include="EnemyComponent.cpp">
      <Filter>Source Files\Enemies</Filter>
    </ClCompile>
    <ClCompile Include="LadderComp.cpp">
      <Filter>Source Files\Level</Filter>
    </ClCompile>
    <ClCompile Include="LadderTop.cpp">
      <Filter>Source Files\Level</Filter>
    </ClCompile>
    <ClCompile Include="BlockComp.cpp">
      <Filter>Source Files\Level</Filter>
    </ClCompile>
    <ClCompile Include="LevelSettings.cpp">
      <Filter>Source Files\Level</Filter>
    </ClCompile>
  </ItemGroup>
  <ItemGroup>
    <ClInclude Include="BurgerPiece.h">
      <Filter>Source Files\BurgerPiece</Filter>
    </ClInclude>
    <ClInclude Include="BurgerShardComp.h">
      <Filter>Source Files\BurgerPiece</Filter>
    </ClInclude>
    <ClInclude Include="PeterPepperComp.h">
      <Filter>Source Files\PeterPepper</Filter>
    </ClInclude>
    <ClInclude Include="LivesLeftComp.h">
      <Filter>Source Files\PeterPepper</Filter>
    </ClInclude>
    <ClInclude Include="PlayerObserver.h">
      <Filter>Source Files\PeterPepper</Filter>
    </ClInclude>
    <ClInclude Include="PeterCommands.h">
      <Filter>Source Files\PeterPepper</Filter>
    </ClInclude>
    <ClInclude Include="EnemyComponent.h">
      <Filter>Source Files\Enemies</Filter>
    </ClInclude>
    <ClInclude Include="LadderComp.h">
      <Filter>Source Files\Level</Filter>
    </ClInclude>
    <ClInclude Include="LadderTop.h">
      <Filter>Source Files\Level</Filter>
    </ClInclude>
    <ClInclude Include="BlockComp.h">
      <Filter>Source Files\Level</Filter>
    </ClInclude>
    <ClInclude Include="LevelSettings.h">
      <Filter>Source Files\Level</Filter>
    </ClInclude>
  </ItemGroup>
</Project>